# THIS IS AN AUTOGENERATED FILE. DO NOT EDIT THIS FILE DIRECTLY.
# yarn lockfile v1


vue-demi@latest:
  version "0.12.5"
  resolved "https://artsz.zte.com.cn:443/artifactory/api/npm/public-npm-virtual/vue-demi/-/vue-demi-0.12.5.tgz#8eeed566a7d86eb090209a11723f887d28aeb2d1"
  integrity sha1-ju7VZqfYbrCQIJoRcj+IfSiustE=

vue3-infinite-list@^0.2.5:
  version "0.2.5"
  resolved "https://artsz.zte.com.cn:443/artifactory/api/npm/public-npm-virtual/vue3-infinite-list/-/vue3-infinite-list-0.2.5.tgz#cbbd1e3cdc019066c3e9b8677edde34c02904c4f"
  integrity sha1-y70ePNwBkGbD6bhnft3jTAKQTE8=
  dependencies:
    vue-demi latest
